
Microsoft Visual Studio Solution File, Format Version 12.00
# Visual Studio 15
VisualStudioVersion = 15.0.27703.2026
MinimumVisualStudioVersion = 10.0.40219.1
Project("{9A19103F-16F7-4668-BE54-9A1E7A4F7556}") = "SearchFight", "SearchFight\SearchFight.csproj", "{AF9B30B3-BF11-4FC3-82CD-9114AEFE80AE}"
EndProject
Project("{9A19103F-16F7-4668-BE54-9A1E7A4F7556}") = "SearchFightWeb", "SearchFightWeb\SearchFightWeb.csproj", "{FD2CA6A9-4644-4995-9BF0-2C41A506A109}"
EndProject
Global
	GlobalSection(SolutionConfigurationPlatforms) = preSolution
		Debug|Any CPU = Debug|Any CPU
		Release|Any CPU = Release|Any CPU
	EndGlobalSection
	GlobalSection(ProjectConfigurationPlatforms) = postSolution
		{AF9B30B3-BF11-4FC3-82CD-9114AEFE80AE}.Debug|Any CPU.ActiveCfg = Debug|Any CPU
		{AF9B30B3-BF11-4FC3-82CD-9114AEFE80AE}.Debug|Any CPU.Build.0 = Debug|Any CPU
		{AF9B30B3-BF11-4FC3-82CD-9114AEFE80AE}.Release|Any CPU.ActiveCfg = Release|Any CPU
		{AF9B30B3-BF11-4FC3-82CD-9114AEFE80AE}.Release|Any CPU.Build.0 = Release|Any CPU
		{FD2CA6A9-4644-4995-9BF0-2C41A506A109}.Debug|Any CPU.ActiveCfg = Debug|Any CPU
		{FD2CA6A9-4644-4995-9BF0-2C41A506A109}.Debug|Any CPU.Build.0 = Debug|Any CPU
		{FD2CA6A9-4644-4995-9BF0-2C41A506A109}.Release|Any CPU.ActiveCfg = Release|Any CPU
		{FD2CA6A9-4644-4995-9BF0-2C41A506A109}.Release|Any CPU.Build.0 = Release|Any CPU
	EndGlobalSection
	GlobalSection(SolutionProperties) = preSolution
		HideSolutionNode = FALSE
	EndGlobalSection
	GlobalSection(ExtensibilityGlobals) = postSolution
		SolutionGuid = {80A2B485-BDDE-44EC-A2DD-51141ADCA2DE}
	EndGlobalSection
EndGlobal
